
Microsoft Visual Studio Solution File, Format Version 12.00
# Visual Studio Version 17
VisualStudioVersion = 17.14.37027.9 d17.14
MinimumVisualStudioVersion = 10.0.40219.1
Project("{FAE04EC0-301F-11D3-BF4B-00C04F79EFBC}") = "IpBlocker.API", "IpBlocker.API\IpBlocker.API.csproj", "{61575D17-1DAB-445A-87F6-38EFAD87DE2B}"
EndProject
Global
	GlobalSection(SolutionConfigurationPlatforms) = preSolution
		Debug|Any CPU = Debug|Any CPU
		Release|Any CPU = Release|Any CPU
	EndGlobalSection
	GlobalSection(ProjectConfigurationPlatforms) = postSolution
		{61575D17-1DAB-445A-87F6-38EFAD87DE2B}.Debug|Any CPU.ActiveCfg = Debug|Any CPU
		{61575D17-1DAB-445A-87F6-38EFAD87DE2B}.Debug|Any CPU.Build.0 = Debug|Any CPU
		{61575D17-1DAB-445A-87F6-38EFAD87DE2B}.Release|Any CPU.ActiveCfg = Release|Any CPU
		{61575D17-1DAB-445A-87F6-38EFAD87DE2B}.Release|Any CPU.Build.0 = Release|Any CPU
	EndGlobalSection
	GlobalSection(SolutionProperties) = preSolution
		HideSolutionNode = FALSE
	EndGlobalSection
	GlobalSection(ExtensibilityGlobals) = postSolution
		SolutionGuid = {A4884ED2-114F-4904-B795-8D1B68153DA0}
	EndGlobalSection
EndGlobal
